
Microsoft Visual Studio Solution File, Format Version 12.00
# Visual Studio 15
VisualStudioVersion = 15.0.27703.2026
MinimumVisualStudioVersion = 10.0.40219.1
Project("{FAE04EC0-301F-11D3-BF4B-00C04F79EFBC}") = "ConsignmentShopUI", "ConsignmentShopUI\ConsignmentShopUI.csproj", "{FC0930D3-FDE6-418F-95C6-0C0FE2EA1253}"
EndProject
Project("{FAE04EC0-301F-11D3-BF4B-00C04F79EFBC}") = "ConsignmentShopLibrary", "ConsignmentShopLibrary\ConsignmentShopLibrary.csproj", "{BEC5C663-6A68-4051-BB7B-0EBC2850BA6D}"
EndProject
Global
	GlobalSection(SolutionConfigurationPlatforms) = preSolution
		Debug|Any CPU = Debug|Any CPU
		Release|Any CPU = Release|Any CPU
	EndGlobalSection
	GlobalSection(ProjectConfigurationPlatforms) = postSolution
		{FC0930D3-FDE6-418F-95C6-0C0FE2EA1253}.Debug|Any CPU.ActiveCfg = Debug|Any CPU
		{FC0930D3-FDE6-418F-95C6-0C0FE2EA1253}.Debug|Any CPU.Build.0 = Debug|Any CPU
		{FC0930D3-FDE6-418F-95C6-0C0FE2EA1253}.Release|Any CPU.ActiveCfg = Release|Any CPU
		{FC0930D3-FDE6-418F-95C6-0C0FE2EA1253}.Release|Any CPU.Build.0 = Release|Any CPU
		{BEC5C663-6A68-4051-BB7B-0EBC2850BA6D}.Debug|Any CPU.ActiveCfg = Debug|Any CPU
		{BEC5C663-6A68-4051-BB7B-0EBC2850BA6D}.Debug|Any CPU.Build.0 = Debug|Any CPU
		{BEC5C663-6A68-4051-BB7B-0EBC2850BA6D}.Release|Any CPU.ActiveCfg = Release|Any CPU
		{BEC5C663-6A68-4051-BB7B-0EBC2850BA6D}.Release|Any CPU.Build.0 = Release|Any CPU
	EndGlobalSection
	GlobalSection(SolutionProperties) = preSolution
		HideSolutionNode = FALSE
	EndGlobalSection
	GlobalSection(ExtensibilityGlobals) = postSolution
		SolutionGuid = {E03311A9-5D45-4229-8FEB-FBF240D56446}
	EndGlobalSection
EndGlobal
